
Microsoft Visual Studio Solution File, Format Version 12.00
# Visual Studio Version 17
VisualStudioVersion = 17.0.32126.317
MinimumVisualStudioVersion = 10.0.40219.1
Project("{9A19103F-16F7-4668-BE54-9A1E7A4F7556}") = "BancoAtlantida_API_REST", "BancoAtlantida_API_REST\BancoAtlantida_API_REST.csproj", "{B12D5BAD-5E00-42E1-BD08-7B0D8A647822}"
EndProject
Project("{9A19103F-16F7-4668-BE54-9A1E7A4F7556}") = "PortalAtlantida", "PortalAtlantida\PortalAtlantida.csproj", "{2287DEEF-D276-4A02-84A8-9C2F1EACD94F}"
EndProject
Project("{FAE04EC0-301F-11D3-BF4B-00C04F79EFBC}") = "ServiceToken", "ServiceToken\ServiceToken.csproj", "{2E18FC38-5445-463E-968C-24C278BEDFA3}"
EndProject
Global
	GlobalSection(SolutionConfigurationPlatforms) = preSolution
		Debug|Any CPU = Debug|Any CPU
		Release|Any CPU = Release|Any CPU
	EndGlobalSection
	GlobalSection(ProjectConfigurationPlatforms) = postSolution
		{B12D5BAD-5E00-42E1-BD08-7B0D8A647822}.Debug|Any CPU.ActiveCfg = Debug|Any CPU
		{B12D5BAD-5E00-42E1-BD08-7B0D8A647822}.Debug|Any CPU.Build.0 = Debug|Any CPU
		{B12D5BAD-5E00-42E1-BD08-7B0D8A647822}.Release|Any CPU.ActiveCfg = Release|Any CPU
		{B12D5BAD-5E00-42E1-BD08-7B0D8A647822}.Release|Any CPU.Build.0 = Release|Any CPU
		{2287DEEF-D276-4A02-84A8-9C2F1EACD94F}.Debug|Any CPU.ActiveCfg = Debug|Any CPU
		{2287DEEF-D276-4A02-84A8-9C2F1EACD94F}.Debug|Any CPU.Build.0 = Debug|Any CPU
		{2287DEEF-D276-4A02-84A8-9C2F1EACD94F}.Release|Any CPU.ActiveCfg = Release|Any CPU
		{2287DEEF-D276-4A02-84A8-9C2F1EACD94F}.Release|Any CPU.Build.0 = Release|Any CPU
		{2E18FC38-5445-463E-968C-24C278BEDFA3}.Debug|Any CPU.ActiveCfg = Debug|Any CPU
		{2E18FC38-5445-463E-968C-24C278BEDFA3}.Debug|Any CPU.Build.0 = Debug|Any CPU
		{2E18FC38-5445-463E-968C-24C278BEDFA3}.Release|Any CPU.ActiveCfg = Release|Any CPU
		{2E18FC38-5445-463E-968C-24C278BEDFA3}.Release|Any CPU.Build.0 = Release|Any CPU
	EndGlobalSection
	GlobalSection(SolutionProperties) = preSolution
		HideSolutionNode = FALSE
	EndGlobalSection
	GlobalSection(ExtensibilityGlobals) = postSolution
		SolutionGuid = {A4099274-D5D3-4285-AA80-EFE19D78E36C}
	EndGlobalSection
EndGlobal
